
Microsoft Visual Studio Solution File, Format Version 12.00
# Visual Studio Version 17
VisualStudioVersion = 17.0.31903.59
MinimumVisualStudioVersion = 10.0.40219.1
Project("{FAE04EC0-301F-11D3-BF4B-00C04F79EFBC}") = "CRM.API", "CRM.API\CRM.API.csproj", "{9509BBD2-E839-40AE-A9FA-75A086D7DD07}"
EndProject
Project("{FAE04EC0-301F-11D3-BF4B-00C04F79EFBC}") = "CRM.Application", "CRM.Application\CRM.Application.csproj", "{D6CA3E29-7BF2-445A-9EE1-AA72506BEC34}"
EndProject
Project("{FAE04EC0-301F-11D3-BF4B-00C04F79EFBC}") = "CRM.Domain", "CRM.Domain\CRM.Domain.csproj", "{5DBEA136-9109-4C0B-863E-42B274871533}"
EndProject
Project("{FAE04EC0-301F-11D3-BF4B-00C04F79EFBC}") = "CRM.Infrastructure", "CRM.Infrastructure\CRM.Infrastructure.csproj", "{25CCC859-7A01-45D7-B991-B2AAF7A2A3BB}"
EndProject
Project("{FAE04EC0-301F-11D3-BF4B-00C04F79EFBC}") = "CRM.Persistence", "CRM.Persistence\CRM.Persistence.csproj", "{B57C4151-DEB2-4E9D-9A23-0342D7DA7040}"
EndProject
Global
	GlobalSection(SolutionConfigurationPlatforms) = preSolution
		Debug|Any CPU = Debug|Any CPU
		Debug|x64 = Debug|x64
		Debug|x86 = Debug|x86
		Release|Any CPU = Release|Any CPU
		Release|x64 = Release|x64
		Release|x86 = Release|x86
	EndGlobalSection
	GlobalSection(ProjectConfigurationPlatforms) = postSolution
		{9509BBD2-E839-40AE-A9FA-75A086D7DD07}.Debug|Any CPU.ActiveCfg = Debug|Any CPU
		{9509BBD2-E839-40AE-A9FA-75A086D7DD07}.Debug|Any CPU.Build.0 = Debug|Any CPU
		{9509BBD2-E839-40AE-A9FA-75A086D7DD07}.Debug|x64.ActiveCfg = Debug|Any CPU
		{9509BBD2-E839-40AE-A9FA-75A086D7DD07}.Debug|x64.Build.0 = Debug|Any CPU
		{9509BBD2-E839-40AE-A9FA-75A086D7DD07}.Debug|x86.ActiveCfg = Debug|Any CPU
		{9509BBD2-E839-40AE-A9FA-75A086D7DD07}.Debug|x86.Build.0 = Debug|Any CPU
		{9509BBD2-E839-40AE-A9FA-75A086D7DD07}.Release|Any CPU.ActiveCfg = Release|Any CPU
		{9509BBD2-E839-40AE-A9FA-75A086D7DD07}.Release|Any CPU.Build.0 = Release|Any CPU
		{9509BBD2-E839-40AE-A9FA-75A086D7DD07}.Release|x64.ActiveCfg = Release|Any CPU
		{9509BBD2-E839-40AE-A9FA-75A086D7DD07}.Release|x64.Build.0 = Release|Any CPU
		{9509BBD2-E839-40AE-A9FA-75A086D7DD07}.Release|x86.ActiveCfg = Release|Any CPU
		{9509BBD2-E839-40AE-A9FA-75A086D7DD07}.Release|x86.Build.0 = Release|Any CPU
		{D6CA3E29-7BF2-445A-9EE1-AA72506BEC34}.Debug|Any CPU.ActiveCfg = Debug|Any CPU
		{D6CA3E29-7BF2-445A-9EE1-AA72506BEC34}.Debug|Any CPU.Build.0 = Debug|Any CPU
		{D6CA3E29-7BF2-445A-9EE1-AA72506BEC34}.Debug|x64.ActiveCfg = Debug|Any CPU
		{D6CA3E29-7BF2-445A-9EE1-AA72506BEC34}.Debug|x64.Build.0 = Debug|Any CPU
		{D6CA3E29-7BF2-445A-9EE1-AA72506BEC34}.Debug|x86.ActiveCfg = Debug|Any CPU
		{D6CA3E29-7BF2-445A-9EE1-AA72506BEC34}.Debug|x86.Build.0 = Debug|Any CPU
		{D6CA3E29-7BF2-445A-9EE1-AA72506BEC34}.Release|Any CPU.ActiveCfg = Release|Any CPU
		{D6CA3E29-7BF2-445A-9EE1-AA72506BEC34}.Release|Any CPU.Build.0 = Release|Any CPU
		{D6CA3E29-7BF2-445A-9EE1-AA72506BEC34}.Release|x64.ActiveCfg = Release|Any CPU
		{D6CA3E29-7BF2-445A-9EE1-AA72506BEC34}.Release|x64.Build.0 = Release|Any CPU
		{D6CA3E29-7BF2-445A-9EE1-AA72506BEC34}.Release|x86.ActiveCfg = Release|Any CPU
		{D6CA3E29-7BF2-445A-9EE1-AA72506BEC34}.Release|x86.Build.0 = Release|Any CPU
		{5DBEA136-9109-4C0B-863E-42B274871533}.Debug|Any CPU.ActiveCfg = Debug|Any CPU
		{5DBEA136-9109-4C0B-863E-42B274871533}.Debug|Any CPU.Build.0 = Debug|Any CPU
		{5DBEA136-9109-4C0B-863E-42B274871533}.Debug|x64.ActiveCfg = Debug|Any CPU
		{5DBEA136-9109-4C0B-863E-42B274871533}.Debug|x64.Build.0 = Debug|Any CPU
		{5DBEA136-9109-4C0B-863E-42B274871533}.Debug|x86.ActiveCfg = Debug|Any CPU
		{5DBEA136-9109-4C0B-863E-42B274871533}.Debug|x86.Build.0 = Debug|Any CPU
		{5DBEA136-9109-4C0B-863E-42B274871533}.Release|Any CPU.ActiveCfg = Release|Any CPU
		{5DBEA136-9109-4C0B-863E-42B274871533}.Release|Any CPU.Build.0 = Release|Any CPU
		{5DBEA136-9109-4C0B-863E-42B274871533}.Release|x64.ActiveCfg = Release|Any CPU
		{5DBEA136-9109-4C0B-863E-42B274871533}.Release|x64.Build.0 = Release|Any CPU
		{5DBEA136-9109-4C0B-863E-42B274871533}.Release|x86.ActiveCfg = Release|Any CPU
		{5DBEA136-9109-4C0B-863E-42B274871533}.Release|x86.Build.0 = Release|Any CPU
		{25CCC859-7A01-45D7-B991-B2AAF7A2A3BB}.Debug|Any CPU.ActiveCfg = Debug|Any CPU
		{25CCC859-7A01-45D7-B991-B2AAF7A2A3BB}.Debug|Any CPU.Build.0 = Debug|Any CPU
		{25CCC859-7A01-45D7-B991-B2AAF7A2A3BB}.Debug|x64.ActiveCfg = Debug|Any CPU
		{25CCC859-7A01-45D7-B991-B2AAF7A2A3BB}.Debug|x64.Build.0 = Debug|Any CPU
		{25CCC859-7A01-45D7-B991-B2AAF7A2A3BB}.Debug|x86.ActiveCfg = Debug|Any CPU
		{25CCC859-7A01-45D7-B991-B2AAF7A2A3BB}.Debug|x86.Build.0 = Debug|Any CPU
		{25CCC859-7A01-45D7-B991-B2AAF7A2A3BB}.Release|Any CPU.ActiveCfg = Release|Any CPU
		{25CCC859-7A01-45D7-B991-B2AAF7A2A3BB}.Release|Any CPU.Build.0 = Release|Any CPU
		{25CCC859-7A01-45D7-B991-B2AAF7A2A3BB}.Release|x64.ActiveCfg = Release|Any CPU
		{25CCC859-7A01-45D7-B991-B2AAF7A2A3BB}.Release|x64.Build.0 = Release|Any CPU
		{25CCC859-7A01-45D7-B991-B2AAF7A2A3BB}.Release|x86.ActiveCfg = Release|Any CPU
		{25CCC859-7A01-45D7-B991-B2AAF7A2A3BB}.Release|x86.Build.0 = Release|Any CPU
		{B57C4151-DEB2-4E9D-9A23-0342D7DA7040}.Debug|Any CPU.ActiveCfg = Debug|Any CPU
		{B57C4151-DEB2-4E9D-9A23-0342D7DA7040}.Debug|Any CPU.Build.0 = Debug|Any CPU
		{B57C4151-DEB2-4E9D-9A23-0342D7DA7040}.Debug|x64.ActiveCfg = Debug|Any CPU
		{B57C4151-DEB2-4E9D-9A23-0342D7DA7040}.Debug|x64.Build.0 = Debug|Any CPU
		{B57C4151-DEB2-4E9D-9A23-0342D7DA7040}.Debug|x86.ActiveCfg = Debug|Any CPU
		{B57C4151-DEB2-4E9D-9A23-0342D7DA7040}.Debug|x86.Build.0 = Debug|Any CPU
		{B57C4151-DEB2-4E9D-9A23-0342D7DA7040}.Release|Any CPU.ActiveCfg = Release|Any CPU
		{B57C4151-DEB2-4E9D-9A23-0342D7DA7040}.Release|Any CPU.Build.0 = Release|Any CPU
		{B57C4151-DEB2-4E9D-9A23-0342D7DA7040}.Release|x64.ActiveCfg = Release|Any CPU
		{B57C4151-DEB2-4E9D-9A23-0342D7DA7040}.Release|x64.Build.0 = Release|Any CPU
		{B57C4151-DEB2-4E9D-9A23-0342D7DA7040}.Release|x86.ActiveCfg = Release|Any CPU
		{B57C4151-DEB2-4E9D-9A23-0342D7DA7040}.Release|x86.Build.0 = Release|Any CPU
	EndGlobalSection
	GlobalSection(SolutionProperties) = preSolution
		HideSolutionNode = FALSE
	EndGlobalSection
EndGlobal
